{
  "pins" : [
    {
      "identity" : "alamofire",
      "kind" : "remoteSourceControl",
      "location" : "https://github.com/Alamofire/Alamofire.git",
      "state" : {
        "revision" : "8dd85aee02e39dd280c75eef88ffdb86eed4b07b",
        "version" : "5.6.2"
      }
    },
    {
      "identity" : "cosmos",
      "kind" : "remoteSourceControl",
      "location" : "https://github.com/evgenyneu/Cosmos.git",
      "state" : {
        "branch" : "master",
        "revision" : "cce521e734d0090494bd4afab5fd2e2f2465c1af"
      }
    },
    {
      "identity" : "fspagerview",
      "kind" : "remoteSourceControl",
      "location" : "https://github.com/WenchaoD/FSPagerView.git",
      "state" : {
        "branch" : "master",
        "revision" : "968f0aaf120b8cb97d12c3a4447daa4926029f67"
      }
    },
    {
      "identity" : "kingfisher",
      "kind" : "remoteSourceControl",
      "location" : "https://github.com/onevcat/Kingfisher.git",
      "state" : {
        "revision" : "be1a1acb283a702b99b630f586877ba02234b4cb",
        "version" : "7.3.2"
      }
    },
    {
      "identity" : "pageboy",
      "kind" : "remoteSourceControl",
      "location" : "https://github.com/uias/Pageboy",
      "state" : {
        "revision" : "af8fa81788b893205e1ff42ddd88c5b0b315d7c5",
        "version" : "3.7.0"
      }
    },
    {
      "identity" : "tabman",
      "kind" : "remoteSourceControl",
      "location" : "https://github.com/uias/Tabman.git",
      "state" : {
        "revision" : "4a4f7c755b875ffd4f9ef10d67a67883669d2465",
        "version" : "2.13.0"
      }
    }
  ],
  "version" : 2
}
