{
  "pins" : [
    {
      "identity" : "alamofire",
      "kind" : "remoteSourceControl",
      "location" : "https://github.com/Alamofire/Alamofire.git",
      "state" : {
        "revision" : "3dc6a42c7727c49bf26508e29b0a0b35f9c7e1ad",
        "version" : "5.8.1"
      }
    },
    {
      "identity" : "cosmos",
      "kind" : "remoteSourceControl",
      "location" : "https://github.com/evgenyneu/Cosmos.git",
      "state" : {
        "branch" : "master",
        "revision" : "cce521e734d0090494bd4afab5fd2e2f2465c1af"
      }
    },
    {
      "identity" : "fspagerview",
      "kind" : "remoteSourceControl",
      "location" : "https://github.com/WenchaoD/FSPagerView.git",
      "state" : {
        "branch" : "master",
        "revision" : "968f0aaf120b8cb97d12c3a4447daa4926029f67"
      }
    },
    {
      "identity" : "kakao-ios-sdk",
      "kind" : "remoteSourceControl",
      "location" : "https://github.com/kakao/kakao-ios-sdk",
      "state" : {
        "branch" : "master",
        "revision" : "4747117b01d8b28efbfcb004dbd122b8e1626f79"
      }
    },
    {
      "identity" : "kingfisher",
      "kind" : "remoteSourceControl",
      "location" : "https://github.com/onevcat/Kingfisher.git",
      "state" : {
        "revision" : "277f1ab2c6664b19b4a412e32b094b201e2d5757",
        "version" : "7.10.0"
      }
    },
    {
      "identity" : "lookinserver",
      "kind" : "remoteSourceControl",
      "location" : "https://github.com/QMUI/LookinServer.git",
      "state" : {
        "revision" : "943be9791316830f8cc550f5d7995d26a05aae1d",
        "version" : "1.2.3"
      }
    },
    {
      "identity" : "pageboy",
      "kind" : "remoteSourceControl",
      "location" : "https://github.com/uias/Pageboy",
      "state" : {
        "revision" : "af8fa81788b893205e1ff42ddd88c5b0b315d7c5",
        "version" : "3.7.0"
      }
    },
    {
      "identity" : "tabman",
      "kind" : "remoteSourceControl",
      "location" : "https://github.com/uias/Tabman.git",
      "state" : {
        "revision" : "4a4f7c755b875ffd4f9ef10d67a67883669d2465",
        "version" : "2.13.0"
      }
    }
  ],
  "version" : 2
}
